// !$*UTF8*$!
{
	archiveVersion = 1;
	classes = {
	};
	objectVersion = 46;
	objects = {

/* Begin PBXBuildFile section */
		A2575E251C52A3AE0033223C /* main.m in Sources */ = {isa = PBXBuildFile; fileRef = A2575E241C52A3AE0033223C /* main.m */; };
		A2575E281C52A3AE0033223C /* AppDelegate.m in Sources */ = {isa = PBXBuildFile; fileRef = A2575E271C52A3AE0033223C /* AppDelegate.m */; };
		A2575E2B1C52A3AE0033223C /* searchoutTableViewController.m in Sources */ = {isa = PBXBuildFile; fileRef = A2575E2A1C52A3AE0033223C /* searchoutTableViewController.m */; };
		A2575E2E1C52A3AE0033223C /* Main.storyboard in Resources */ = {isa = PBXBuildFile; fileRef = A2575E2C1C52A3AE0033223C /* Main.storyboard */; };
		A2575E301C52A3AE0033223C /* Assets.xcassets in Resources */ = {isa = PBXBuildFile; fileRef = A2575E2F1C52A3AE0033223C /* Assets.xcassets */; };
		A2575E331C52A3AE0033223C /* LaunchScreen.storyboard in Resources */ = {isa = PBXBuildFile; fileRef = A2575E311C52A3AE0033223C /* LaunchScreen.storyboard */; };
		A2575E3E1C52A3AE0033223C /* bmwNearLocationsTests.m in Sources */ = {isa = PBXBuildFile; fileRef = A2575E3D1C52A3AE0033223C /* bmwNearLocationsTests.m */; };
		A2575E4E1C52A61A0033223C /* APIClient.m in Sources */ = {isa = PBXBuildFile; fileRef = A2575E4D1C52A61A0033223C /* APIClient.m */; };
		A2575E511C52A68B0033223C /* nearLocation.m in Sources */ = {isa = PBXBuildFile; fileRef = A2575E501C52A68B0033223C /* nearLocation.m */; };
		A2575E551C52BBE60033223C /* detailsViewController.m in Sources */ = {isa = PBXBuildFile; fileRef = A2575E541C52BBE60033223C /* detailsViewController.m */; };
		A2575E591C52CA640033223C /* MapKit.framework in Frameworks */ = {isa = PBXBuildFile; fileRef = A2575E581C52CA640033223C /* MapKit.framework */; };
		BF5A262A2593DF359F65115E /* libPods-bmwNearLocations.a in Frameworks */ = {isa = PBXBuildFile; fileRef = E8015C05FB985080298C7C07 /* libPods-bmwNearLocations.a */; };
/* End PBXBuildFile section */

/* Begin PBXContainerItemProxy section */
		A2575E3A1C52A3AE0033223C /* PBXContainerItemProxy */ = {
			isa = PBXContainerItemProxy;
			containerPortal = A2575E181C52A3AE0033223C /* Project object */;
			proxyType = 1;
			remoteGlobalIDString = A2575E1F1C52A3AE0033223C;
			remoteInfo = bmwNearLocations;
		};
/* End PBXContainerItemProxy section */

/* Begin PBXFileReference section */
		972F870060D142520DCB635F /* Pods-bmwNearLocations.release.xcconfig */ = {isa = PBXFileReference; includeInIndex = 1; lastKnownFileType = text.xcconfig; name = "Pods-bmwNearLocations.release.xcconfig"; path = "Pods/Target Support Files/Pods-bmwNearLocations/Pods-bmwNearLocations.release.xcconfig"; sourceTree = "<group>"; };
		A2575E201C52A3AE0033223C /* bmwNearLocations.app */ = {isa = PBXFileReference; explicitFileType = wrapper.application; includeInIndex = 0; path = bmwNearLocations.app; sourceTree = BUILT_PRODUCTS_DIR; };
		A2575E241C52A3AE0033223C /* main.m */ = {isa = PBXFileReference; lastKnownFileType = sourcecode.c.objc; path = main.m; sourceTree = "<group>"; };
		A2575E261C52A3AE0033223C /* AppDelegate.h */ = {isa = PBXFileReference; lastKnownFileType = sourcecode.c.h; path = AppDelegate.h; sourceTree = "<group>"; };
		A2575E271C52A3AE0033223C /* AppDelegate.m */ = {isa = PBXFileReference; lastKnownFileType = sourcecode.c.objc; path = AppDelegate.m; sourceTree = "<group>"; };
		A2575E291C52A3AE0033223C /* searchoutTableViewController.h */ = {isa = PBXFileReference; lastKnownFileType = sourcecode.c.h; path = searchoutTableViewController.h; sourceTree = "<group>"; };
		A2575E2A1C52A3AE0033223C /* searchoutTableViewController.m */ = {isa = PBXFileReference; lastKnownFileType = sourcecode.c.objc; path = searchoutTableViewController.m; sourceTree = "<group>"; };
		A2575E2D1C52A3AE0033223C /* Base */ = {isa = PBXFileReference; lastKnownFileType = file.storyboard; name = Base; path = Base.lproj/Main.storyboard; sourceTree = "<group>"; };
		A2575E2F1C52A3AE0033223C /* Assets.xcassets */ = {isa = PBXFileReference; lastKnownFileType = folder.assetcatalog; path = Assets.xcassets; sourceTree = "<group>"; };
		A2575E321C52A3AE0033223C /* Base */ = {isa = PBXFileReference; lastKnownFileType = file.storyboard; name = Base; path = Base.lproj/LaunchScreen.storyboard; sourceTree = "<group>"; };
		A2575E341C52A3AE0033223C /* Info.plist */ = {isa = PBXFileReference; lastKnownFileType = text.plist.xml; path = Info.plist; sourceTree = "<group>"; };
		A2575E391C52A3AE0033223C /* bmwNearLocationsTests.xctest */ = {isa = PBXFileReference; explicitFileType = wrapper.cfbundle; includeInIndex = 0; path = bmwNearLocationsTests.xctest; sourceTree = BUILT_PRODUCTS_DIR; };
		A2575E3D1C52A3AE0033223C /* bmwNearLocationsTests.m */ = {isa = PBXFileReference; lastKnownFileType = sourcecode.c.objc; path = bmwNearLocationsTests.m; sourceTree = "<group>"; };
		A2575E3F1C52A3AE0033223C /* Info.plist */ = {isa = PBXFileReference; lastKnownFileType = text.plist.xml; path = Info.plist; sourceTree = "<group>"; };
		A2575E4C1C52A61A0033223C /* APIClient.h */ = {isa = PBXFileReference; fileEncoding = 4; lastKnownFileType = sourcecode.c.h; path = APIClient.h; sourceTree = "<group>"; };
		A2575E4D1C52A61A0033223C /* APIClient.m */ = {isa = PBXFileReference; fileEncoding = 4; lastKnownFileType = sourcecode.c.objc; path = APIClient.m; sourceTree = "<group>"; };
		A2575E4F1C52A68B0033223C /* nearLocation.h */ = {isa = PBXFileReference; fileEncoding = 4; lastKnownFileType = sourcecode.c.h; path = nearLocation.h; sourceTree = "<group>"; };
		A2575E501C52A68B0033223C /* nearLocation.m */ = {isa = PBXFileReference; fileEncoding = 4; lastKnownFileType = sourcecode.c.objc; path = nearLocation.m; sourceTree = "<group>"; };
		A2575E531C52BBE60033223C /* detailsViewController.h */ = {isa = PBXFileReference; fileEncoding = 4; lastKnownFileType = sourcecode.c.h; path = detailsViewController.h; sourceTree = "<group>"; };
		A2575E541C52BBE60033223C /* detailsViewController.m */ = {isa = PBXFileReference; fileEncoding = 4; lastKnownFileType = sourcecode.c.objc; path = detailsViewController.m; sourceTree = "<group>"; };
		A2575E581C52CA640033223C /* MapKit.framework */ = {isa = PBXFileReference; lastKnownFileType = wrapper.framework; name = MapKit.framework; path = System/Library/Frameworks/MapKit.framework; sourceTree = SDKROOT; };
		E8015C05FB985080298C7C07 /* libPods-bmwNearLocations.a */ = {isa = PBXFileReference; explicitFileType = archive.ar; includeInIndex = 0; path = "libPods-bmwNearLocations.a"; sourceTree = BUILT_PRODUCTS_DIR; };
		FEFEC918D7E2C40E1A098DF6 /* Pods-bmwNearLocations.debug.xcconfig */ = {isa = PBXFileReference; includeInIndex = 1; lastKnownFileType = text.xcconfig; name = "Pods-bmwNearLocations.debug.xcconfig"; path = "Pods/Target Support Files/Pods-bmwNearLocations/Pods-bmwNearLocations.debug.xcconfig"; sourceTree = "<group>"; };
/* End PBXFileReference section */

/* Begin PBXFrameworksBuildPhase section */
		A2575E1D1C52A3AE0033223C /* Frameworks */ = {
			isa = PBXFrameworksBuildPhase;
			buildActionMask = 2147483647;
			files = (
				A2575E591C52CA640033223C /* MapKit.framework in Frameworks */,
				BF5A262A2593DF359F65115E /* libPods-bmwNearLocations.a in Frameworks */,
			);
			runOnlyForDeploymentPostprocessing = 0;
		};
		A2575E361C52A3AE0033223C /* Frameworks */ = {
			isa = PBXFrameworksBuildPhase;
			buildActionMask = 2147483647;
			files = (
			);
			runOnlyForDeploymentPostprocessing = 0;
		};
/* End PBXFrameworksBuildPhase section */

/* Begin PBXGroup section */
		2BD72308059C640E4F5EA280 /* Frameworks */ = {
			isa = PBXGroup;
			children = (
				E8015C05FB985080298C7C07 /* libPods-bmwNearLocations.a */,
			);
			name = Frameworks;
			sourceTree = "<group>";
		};
		A2575E171C52A3AE0033223C = {
			isa = PBXGroup;
			children = (
				A2575E221C52A3AE0033223C /* bmwNearLocations */,
				A2575E3C1C52A3AE0033223C /* bmwNearLocationsTests */,
				A2575E211C52A3AE0033223C /* Products */,
				F36CEEAAEE69D55E92937776 /* Pods */,
				2BD72308059C640E4F5EA280 /* Frameworks */,
			);
			sourceTree = "<group>";
		};
		A2575E211C52A3AE0033223C /* Products */ = {
			isa = PBXGroup;
			children = (
				A2575E201C52A3AE0033223C /* bmwNearLocations.app */,
				A2575E391C52A3AE0033223C /* bmwNearLocationsTests.xctest */,
			);
			name = Products;
			sourceTree = "<group>";
		};
		A2575E221C52A3AE0033223C /* bmwNearLocations */ = {
			isa = PBXGroup;
			children = (
				A2575E4B1C52A5C30033223C /* API */,
				A2575E481C52A42C0033223C /* Models */,
				A2575E491C52A4320033223C /* Views */,
				A2575E261C52A3AE0033223C /* AppDelegate.h */,
				A2575E271C52A3AE0033223C /* AppDelegate.m */,
				A2575E2C1C52A3AE0033223C /* Main.storyboard */,
				A2575E2F1C52A3AE0033223C /* Assets.xcassets */,
				A2575E311C52A3AE0033223C /* LaunchScreen.storyboard */,
				A2575E341C52A3AE0033223C /* Info.plist */,
				A2BE9C341C52D8D9008E3878 /* Frameworks */,
				A2575E231C52A3AE0033223C /* Supporting Files */,
			);
			path = bmwNearLocations;
			sourceTree = "<group>";
		};
		A2575E231C52A3AE0033223C /* Supporting Files */ = {
			isa = PBXGroup;
			children = (
				A2575E241C52A3AE0033223C /* main.m */,
			);
			name = "Supporting Files";
			sourceTree = "<group>";
		};
		A2575E3C1C52A3AE0033223C /* bmwNearLocationsTests */ = {
			isa = PBXGroup;
			children = (
				A2575E3D1C52A3AE0033223C /* bmwNearLocationsTests.m */,
				A2575E3F1C52A3AE0033223C /* Info.plist */,
			);
			path = bmwNearLocationsTests;
			sourceTree = "<group>";
		};
		A2575E481C52A42C0033223C /* Models */ = {
			isa = PBXGroup;
			children = (
				A2575E4F1C52A68B0033223C /* nearLocation.h */,
				A2575E501C52A68B0033223C /* nearLocation.m */,
			);
			name = Models;
			sourceTree = "<group>";
		};
		A2575E491C52A4320033223C /* Views */ = {
			isa = PBXGroup;
			children = (
				A2575E4A1C52A43B0033223C /* SeachoutList */,
				A2575E521C52BBC90033223C /* Details */,
			);
			name = Views;
			sourceTree = "<group>";
		};
		A2575E4A1C52A43B0033223C /* SeachoutList */ = {
			isa = PBXGroup;
			children = (
				A2575E291C52A3AE0033223C /* searchoutTableViewController.h */,
				A2575E2A1C52A3AE0033223C /* searchoutTableViewController.m */,
			);
			name = SeachoutList;
			sourceTree = "<group>";
		};
		A2575E4B1C52A5C30033223C /* API */ = {
			isa = PBXGroup;
			children = (
				A2575E4C1C52A61A0033223C /* APIClient.h */,
				A2575E4D1C52A61A0033223C /* APIClient.m */,
			);
			name = API;
			sourceTree = "<group>";
		};
		A2575E521C52BBC90033223C /* Details */ = {
			isa = PBXGroup;
			children = (
				A2575E531C52BBE60033223C /* detailsViewController.h */,
				A2575E541C52BBE60033223C /* detailsViewController.m */,
			);
			name = Details;
			sourceTree = "<group>";
		};
		A2BE9C341C52D8D9008E3878 /* Frameworks */ = {
			isa = PBXGroup;
			children = (
				A2575E581C52CA640033223C /* MapKit.framework */,
			);
			name = Frameworks;
			sourceTree = "<group>";
		};
		F36CEEAAEE69D55E92937776 /* Pods */ = {
			isa = PBXGroup;
			children = (
				FEFEC918D7E2C40E1A098DF6 /* Pods-bmwNearLocations.debug.xcconfig */,
				972F870060D142520DCB635F /* Pods-bmwNearLocations.release.xcconfig */,
			);
			name = Pods;
			sourceTree = "<group>";
		};
/* End PBXGroup section */

/* Begin PBXNativeTarget section */
		A2575E1F1C52A3AE0033223C /* bmwNearLocations */ = {
			isa = PBXNativeTarget;
			buildConfigurationList = A2575E421C52A3AE0033223C /* Build configuration list for PBXNativeTarget "bmwNearLocations" */;
			buildPhases = (
				EBE35E92D61A7017FED92004 /* Check Pods Manifest.lock */,
				A2575E1C1C52A3AE0033223C /* Sources */,
				A2575E1D1C52A3AE0033223C /* Frameworks */,
				A2575E1E1C52A3AE0033223C /* Resources */,
				82662A43CD2166C635C24E07 /* Copy Pods Resources */,
			);
			buildRules = (
			);
			dependencies = (
			);
			name = bmwNearLocations;
			productName = bmwNearLocations;
			productReference = A2575E201C52A3AE0033223C /* bmwNearLocations.app */;
			productType = "com.apple.product-type.application";
		};
		A2575E381C52A3AE0033223C /* bmwNearLocationsTests */ = {
			isa = PBXNativeTarget;
			buildConfigurationList = A2575E451C52A3AE0033223C /* Build configuration list for PBXNativeTarget "bmwNearLocationsTests" */;
			buildPhases = (
				A2575E351C52A3AE0033223C /* Sources */,
				A2575E361C52A3AE0033223C /* Frameworks */,
				A2575E371C52A3AE0033223C /* Resources */,
			);
			buildRules = (
			);
			dependencies = (
				A2575E3B1C52A3AE0033223C /* PBXTargetDependency */,
			);
			name = bmwNearLocationsTests;
			productName = bmwNearLocationsTests;
			productReference = A2575E391C52A3AE0033223C /* bmwNearLocationsTests.xctest */;
			productType = "com.apple.product-type.bundle.unit-test";
		};
/* End PBXNativeTarget section */

/* Begin PBXProject section */
		A2575E181C52A3AE0033223C /* Project object */ = {
			isa = PBXProject;
			attributes = {
				LastUpgradeCheck = 0720;
				ORGANIZATIONNAME = "ossama mikhail";
				TargetAttributes = {
					A2575E1F1C52A3AE0033223C = {
						CreatedOnToolsVersion = 7.2;
						SystemCapabilities = {
							com.apple.Maps.iOS = {
								enabled = 1;
							};
						};
					};
					A2575E381C52A3AE0033223C = {
						CreatedOnToolsVersion = 7.2;
						TestTargetID = A2575E1F1C52A3AE0033223C;
					};
				};
			};
			buildConfigurationList = A2575E1B1C52A3AE0033223C /* Build configuration list for PBXProject "bmwNearLocations" */;
			compatibilityVersion = "Xcode 3.2";
			developmentRegion = English;
			hasScannedForEncodings = 0;
			knownRegions = (
				en,
				Base,
			);
			mainGroup = A2575E171C52A3AE0033223C;
			productRefGroup = A2575E211C52A3AE0033223C /* Products */;
			projectDirPath = "";
			projectRoot = "";
			targets = (
				A2575E1F1C52A3AE0033223C /* bmwNearLocations */,
				A2575E381C52A3AE0033223C /* bmwNearLocationsTests */,
			);
		};
/* End PBXProject section */

/* Begin PBXResourcesBuildPhase section */
		A2575E1E1C52A3AE0033223C /* Resources */ = {
			isa = PBXResourcesBuildPhase;
			buildActionMask = 2147483647;
			files = (
				A2575E331C52A3AE0033223C /* LaunchScreen.storyboard in Resources */,
				A2575E301C52A3AE0033223C /* Assets.xcassets in Resources */,
				A2575E2E1C52A3AE0033223C /* Main.storyboard in Resources */,
			);
			runOnlyForDeploymentPostprocessing = 0;
		};
		A2575E371C52A3AE0033223C /* Resources */ = {
			isa = PBXResourcesBuildPhase;
			buildActionMask = 2147483647;
			files = (
			);
			runOnlyForDeploymentPostprocessing = 0;
		};
/* End PBXResourcesBuildPhase section */

/* Begin PBXShellScriptBuildPhase section */
		82662A43CD2166C635C24E07 /* Copy Pods Resources */ = {
			isa = PBXShellScriptBuildPhase;
			buildActionMask = 2147483647;
			files = (
			);
			inputPaths = (
			);
			name = "Copy Pods Resources";
			outputPaths = (
			);
			runOnlyForDeploymentPostprocessing = 0;
			shellPath = /bin/sh;
			shellScript = "\"${SRCROOT}/Pods/Target Support Files/Pods-bmwNearLocations/Pods-bmwNearLocations-resources.sh\"\n";
			showEnvVarsInLog = 0;
		};
		EBE35E92D61A7017FED92004 /* Check Pods Manifest.lock */ = {
			isa = PBXShellScriptBuildPhase;
			buildActionMask = 2147483647;
			files = (
			);
			inputPaths = (
			);
			name = "Check Pods Manifest.lock";
			outputPaths = (
			);
			runOnlyForDeploymentPostprocessing = 0;
			shellPath = /bin/sh;
			shellScript = "diff \"${PODS_ROOT}/../Podfile.lock\" \"${PODS_ROOT}/Manifest.lock\" > /dev/null\nif [[ $? != 0 ]] ; then\n    cat << EOM\nerror: The sandbox is not in sync with the Podfile.lock. Run 'pod install' or update your CocoaPods installation.\nEOM\n    exit 1\nfi\n";
			showEnvVarsInLog = 0;
		};
/* End PBXShellScriptBuildPhase section */

/* Begin PBXSourcesBuildPhase section */
		A2575E1C1C52A3AE0033223C /* Sources */ = {
			isa = PBXSourcesBuildPhase;
			buildActionMask = 2147483647;
			files = (
				A2575E2B1C52A3AE0033223C /* searchoutTableViewController.m in Sources */,
				A2575E551C52BBE60033223C /* detailsViewController.m in Sources */,
				A2575E511C52A68B0033223C /* nearLocation.m in Sources */,
				A2575E281C52A3AE0033223C /* AppDelegate.m in Sources */,
				A2575E251C52A3AE0033223C /* main.m in Sources */,
				A2575E4E1C52A61A0033223C /* APIClient.m in Sources */,
			);
			runOnlyForDeploymentPostprocessing = 0;
		};
		A2575E351C52A3AE0033223C /* Sources */ = {
			isa = PBXSourcesBuildPhase;
			buildActionMask = 2147483647;
			files = (
				A2575E3E1C52A3AE0033223C /* bmwNearLocationsTests.m in Sources */,
			);
			runOnlyForDeploymentPostprocessing = 0;
		};
/* End PBXSourcesBuildPhase section */

/* Begin PBXTargetDependency section */
		A2575E3B1C52A3AE0033223C /* PBXTargetDependency */ = {
			isa = PBXTargetDependency;
			target = A2575E1F1C52A3AE0033223C /* bmwNearLocations */;
			targetProxy = A2575E3A1C52A3AE0033223C /* PBXContainerItemProxy */;
		};
/* End PBXTargetDependency section */

/* Begin PBXVariantGroup section */
		A2575E2C1C52A3AE0033223C /* Main.storyboard */ = {
			isa = PBXVariantGroup;
			children = (
				A2575E2D1C52A3AE0033223C /* Base */,
			);
			name = Main.storyboard;
			sourceTree = "<group>";
		};
		A2575E311C52A3AE0033223C /* LaunchScreen.storyboard */ = {
			isa = PBXVariantGroup;
			children = (
				A2575E321C52A3AE0033223C /* Base */,
			);
			name = LaunchScreen.storyboard;
			sourceTree = "<group>";
		};
/* End PBXVariantGroup section */

/* Begin XCBuildConfiguration section */
		A2575E401C52A3AE0033223C /* Debug */ = {
			isa = XCBuildConfiguration;
			buildSettings = {
				ALWAYS_SEARCH_USER_PATHS = NO;
				CLANG_CXX_LANGUAGE_STANDARD = "gnu++0x";
				CLANG_CXX_LIBRARY = "libc++";
				CLANG_ENABLE_MODULES = YES;
				CLANG_ENABLE_OBJC_ARC = YES;
				CLANG_WARN_BOOL_CONVERSION = YES;
				CLANG_WARN_CONSTANT_CONVERSION = YES;
				CLANG_WARN_DIRECT_OBJC_ISA_USAGE = YES_ERROR;
				CLANG_WARN_EMPTY_BODY = YES;
				CLANG_WARN_ENUM_CONVERSION = YES;
				CLANG_WARN_INT_CONVERSION = YES;
				CLANG_WARN_OBJC_ROOT_CLASS = YES_ERROR;
				CLANG_WARN_UNREACHABLE_CODE = YES;
				CLANG_WARN__DUPLICATE_METHOD_MATCH = YES;
				"CODE_SIGN_IDENTITY[sdk=iphoneos*]" = "iPhone Developer";
				COPY_PHASE_STRIP = NO;
				DEBUG_INFORMATION_FORMAT = "dwarf-with-dsym";
				ENABLE_STRICT_OBJC_MSGSEND = YES;
				ENABLE_TESTABILITY = YES;
				GCC_C_LANGUAGE_STANDARD = gnu99;
				GCC_DYNAMIC_NO_PIC = NO;
				GCC_NO_COMMON_BLOCKS = YES;
				GCC_OPTIMIZATION_LEVEL = 0;
				GCC_PREPROCESSOR_DEFINITIONS = (
					"DEBUG=1",
					"$(inherited)",
				);
				GCC_WARN_64_TO_32_BIT_CONVERSION = YES;
				GCC_WARN_ABOUT_RETURN_TYPE = YES_ERROR;
				GCC_WARN_UNDECLARED_SELECTOR = YES;
				GCC_WARN_UNINITIALIZED_AUTOS = YES_AGGRESSIVE;
				GCC_WARN_UNUSED_FUNCTION = YES;
				GCC_WARN_UNUSED_VARIABLE = YES;
				IPHONEOS_DEPLOYMENT_TARGET = 8.0;
				MTL_ENABLE_DEBUG_INFO = YES;
				ONLY_ACTIVE_ARCH = YES;
				SDKROOT = iphoneos;
			};
			name = Debug;
		};
		A2575E411C52A3AE0033223C /* Release */ = {
			isa = XCBuildConfiguration;
			buildSettings = {
				ALWAYS_SEARCH_USER_PATHS = NO;
				CLANG_CXX_LANGUAGE_STANDARD = "gnu++0x";
				CLANG_CXX_LIBRARY = "libc++";
				CLANG_ENABLE_MODULES = YES;
				CLANG_ENABLE_OBJC_ARC = YES;
				CLANG_WARN_BOOL_CONVERSION = YES;
				CLANG_WARN_CONSTANT_CONVERSION = YES;
				CLANG_WARN_DIRECT_OBJC_ISA_USAGE = YES_ERROR;
				CLANG_WARN_EMPTY_BODY = YES;
				CLANG_WARN_ENUM_CONVERSION = YES;
				CLANG_WARN_INT_CONVERSION = YES;
				CLANG_WARN_OBJC_ROOT_CLASS = YES_ERROR;
				CLANG_WARN_UNREACHABLE_CODE = YES;
				CLANG_WARN__DUPLICATE_METHOD_MATCH = YES;
				"CODE_SIGN_IDENTITY[sdk=iphoneos*]" = "iPhone Developer";
				COPY_PHASE_STRIP = NO;
				DEBUG_INFORMATION_FORMAT = "dwarf-with-dsym";
				ENABLE_NS_ASSERTIONS = NO;
				ENABLE_STRICT_OBJC_MSGSEND = YES;
				GCC_C_LANGUAGE_STANDARD = gnu99;
				GCC_NO_COMMON_BLOCKS = YES;
				GCC_WARN_64_TO_32_BIT_CONVERSION = YES;
				GCC_WARN_ABOUT_RETURN_TYPE = YES_ERROR;
				GCC_WARN_UNDECLARED_SELECTOR = YES;
				GCC_WARN_UNINITIALIZED_AUTOS = YES_AGGRESSIVE;
				GCC_WARN_UNUSED_FUNCTION = YES;
				GCC_WARN_UNUSED_VARIABLE = YES;
				IPHONEOS_DEPLOYMENT_TARGET = 8.0;
				MTL_ENABLE_DEBUG_INFO = NO;
				SDKROOT = iphoneos;
				VALIDATE_PRODUCT = YES;
			};
			name = Release;
		};
		A2575E431C52A3AE0033223C /* Debug */ = {
			isa = XCBuildConfiguration;
			baseConfigurationReference = FEFEC918D7E2C40E1A098DF6 /* Pods-bmwNearLocations.debug.xcconfig */;
			buildSettings = {
				ASSETCATALOG_COMPILER_APPICON_NAME = AppIcon;
				DEBUG_INFORMATION_FORMAT = "dwarf-with-dsym";
				INFOPLIST_FILE = bmwNearLocations/Info.plist;
				LD_RUNPATH_SEARCH_PATHS = "$(inherited) @executable_path/Frameworks";
				PRODUCT_BUNDLE_IDENTIFIER = com.osamamourad.bmwNearLocations;
				PRODUCT_NAME = "$(TARGET_NAME)";
			};
			name = Debug;
		};
		A2575E441C52A3AE0033223C /* Release */ = {
			isa = XCBuildConfiguration;
			baseConfigurationReference = 972F870060D142520DCB635F /* Pods-bmwNearLocations.release.xcconfig */;
			buildSettings = {
				ASSETCATALOG_COMPILER_APPICON_NAME = AppIcon;
				INFOPLIST_FILE = bmwNearLocations/Info.plist;
				LD_RUNPATH_SEARCH_PATHS = "$(inherited) @executable_path/Frameworks";
				PRODUCT_BUNDLE_IDENTIFIER = com.osamamourad.bmwNearLocations;
				PRODUCT_NAME = "$(TARGET_NAME)";
			};
			name = Release;
		};
		A2575E461C52A3AE0033223C /* Debug */ = {
			isa = XCBuildConfiguration;
			buildSettings = {
				BUNDLE_LOADER = "$(TEST_HOST)";
				INFOPLIST_FILE = bmwNearLocationsTests/Info.plist;
				LD_RUNPATH_SEARCH_PATHS = "$(inherited) @executable_path/Frameworks @loader_path/Frameworks";
				PRODUCT_BUNDLE_IDENTIFIER = com.osamamourad.bmwNearLocationsTests;
				PRODUCT_NAME = "$(TARGET_NAME)";
				TEST_HOST = "$(BUILT_PRODUCTS_DIR)/bmwNearLocations.app/bmwNearLocations";
			};
			name = Debug;
		};
		A2575E471C52A3AE0033223C /* Release */ = {
			isa = XCBuildConfiguration;
			buildSettings = {
				BUNDLE_LOADER = "$(TEST_HOST)";
				INFOPLIST_FILE = bmwNearLocationsTests/Info.plist;
				LD_RUNPATH_SEARCH_PATHS = "$(inherited) @executable_path/Frameworks @loader_path/Frameworks";
				PRODUCT_BUNDLE_IDENTIFIER = com.osamamourad.bmwNearLocationsTests;
				PRODUCT_NAME = "$(TARGET_NAME)";
				TEST_HOST = "$(BUILT_PRODUCTS_DIR)/bmwNearLocations.app/bmwNearLocations";
			};
			name = Release;
		};
/* End XCBuildConfiguration section */

/* Begin XCConfigurationList section */
		A2575E1B1C52A3AE0033223C /* Build configuration list for PBXProject "bmwNearLocations" */ = {
			isa = XCConfigurationList;
			buildConfigurations = (
				A2575E401C52A3AE0033223C /* Debug */,
				A2575E411C52A3AE0033223C /* Release */,
			);
			defaultConfigurationIsVisible = 0;
			defaultConfigurationName = Release;
		};
		A2575E421C52A3AE0033223C /* Build configuration list for PBXNativeTarget "bmwNearLocations" */ = {
			isa = XCConfigurationList;
			buildConfigurations = (
				A2575E431C52A3AE0033223C /* Debug */,
				A2575E441C52A3AE0033223C /* Release */,
			);
			defaultConfigurationIsVisible = 0;
			defaultConfigurationName = Release;
		};
		A2575E451C52A3AE0033223C /* Build configuration list for PBXNativeTarget "bmwNearLocationsTests" */ = {
			isa = XCConfigurationList;
			buildConfigurations = (
				A2575E461C52A3AE0033223C /* Debug */,
				A2575E471C52A3AE0033223C /* Release */,
			);
			defaultConfigurationIsVisible = 0;
			defaultConfigurationName = Release;
		};
/* End XCConfigurationList section */
	};
	rootObject = A2575E181C52A3AE0033223C /* Project object */;
}
